
Microsoft Visual Studio Solution File, Format Version 12.00
# Visual Studio Version 17
VisualStudioVersion = 17.5.33530.505
MinimumVisualStudioVersion = 10.0.40219.1
Project("{9A19103F-16F7-4668-BE54-9A1E7A4F7556}") = "CRUDExample", "CRUDExample.csproj", "{9A6530A1-F923-4151-92A6-DAD2800DB0F0}"
EndProject
Project("{9A19103F-16F7-4668-BE54-9A1E7A4F7556}") = "CRUDTests", "..\CRUDTests\CRUDTests.csproj", "{5AF3BCFC-A605-470E-A319-24D6C7F44C3A}"
EndProject
Project("{9A19103F-16F7-4668-BE54-9A1E7A4F7556}") = "Entities", "..\Entities\Entities.csproj", "{08DCA7B5-BE05-440F-801F-D913E33B1335}"
EndProject
Project("{9A19103F-16F7-4668-BE54-9A1E7A4F7556}") = "ServiceContracts", "..\ServiceContracts\ServiceContracts.csproj", "{0880DF34-82B6-4C01-906B-249920898648}"
EndProject
Project("{FAE04EC0-301F-11D3-BF4B-00C04F79EFBC}") = "Services", "..\Services\Services.csproj", "{1F2DD876-FE54-4047-BF62-9D2897E5D480}"
EndProject
Global
	GlobalSection(SolutionConfigurationPlatforms) = preSolution
		Debug|Any CPU = Debug|Any CPU
		Release|Any CPU = Release|Any CPU
	EndGlobalSection
	GlobalSection(ProjectConfigurationPlatforms) = postSolution
		{9A6530A1-F923-4151-92A6-DAD2800DB0F0}.Debug|Any CPU.ActiveCfg = Debug|Any CPU
		{9A6530A1-F923-4151-92A6-DAD2800DB0F0}.Debug|Any CPU.Build.0 = Debug|Any CPU
		{9A6530A1-F923-4151-92A6-DAD2800DB0F0}.Release|Any CPU.ActiveCfg = Release|Any CPU
		{9A6530A1-F923-4151-92A6-DAD2800DB0F0}.Release|Any CPU.Build.0 = Release|Any CPU
		{5AF3BCFC-A605-470E-A319-24D6C7F44C3A}.Debug|Any CPU.ActiveCfg = Debug|Any CPU
		{5AF3BCFC-A605-470E-A319-24D6C7F44C3A}.Debug|Any CPU.Build.0 = Debug|Any CPU
		{5AF3BCFC-A605-470E-A319-24D6C7F44C3A}.Release|Any CPU.ActiveCfg = Release|Any CPU
		{5AF3BCFC-A605-470E-A319-24D6C7F44C3A}.Release|Any CPU.Build.0 = Release|Any CPU
		{08DCA7B5-BE05-440F-801F-D913E33B1335}.Debug|Any CPU.ActiveCfg = Debug|Any CPU
		{08DCA7B5-BE05-440F-801F-D913E33B1335}.Debug|Any CPU.Build.0 = Debug|Any CPU
		{08DCA7B5-BE05-440F-801F-D913E33B1335}.Release|Any CPU.ActiveCfg = Release|Any CPU
		{08DCA7B5-BE05-440F-801F-D913E33B1335}.Release|Any CPU.Build.0 = Release|Any CPU
		{0880DF34-82B6-4C01-906B-249920898648}.Debug|Any CPU.ActiveCfg = Debug|Any CPU
		{0880DF34-82B6-4C01-906B-249920898648}.Debug|Any CPU.Build.0 = Debug|Any CPU
		{0880DF34-82B6-4C01-906B-249920898648}.Release|Any CPU.ActiveCfg = Release|Any CPU
		{0880DF34-82B6-4C01-906B-249920898648}.Release|Any CPU.Build.0 = Release|Any CPU
		{1F2DD876-FE54-4047-BF62-9D2897E5D480}.Debug|Any CPU.ActiveCfg = Debug|Any CPU
		{1F2DD876-FE54-4047-BF62-9D2897E5D480}.Debug|Any CPU.Build.0 = Debug|Any CPU
		{1F2DD876-FE54-4047-BF62-9D2897E5D480}.Release|Any CPU.ActiveCfg = Release|Any CPU
		{1F2DD876-FE54-4047-BF62-9D2897E5D480}.Release|Any CPU.Build.0 = Release|Any CPU
	EndGlobalSection
	GlobalSection(SolutionProperties) = preSolution
		HideSolutionNode = FALSE
	EndGlobalSection
	GlobalSection(ExtensibilityGlobals) = postSolution
		SolutionGuid = {B986AF10-FC82-4E75-8D34-287E2D50D5C6}
	EndGlobalSection
EndGlobal
